// !$*UTF8*$!
{
	archiveVersion = 1;
	classes = {
	};
	objectVersion = 50;
	objects = {

/* Begin PBXBuildFile section */
		87A402C126012CCC00AE8FC6 /* Assets.xcassets in Resources */ = {isa = PBXBuildFile; fileRef = 87A402C026012CCC00AE8FC6 /* Assets.xcassets */; };
		87A402C426012CCC00AE8FC6 /* LaunchScreen.storyboard in Resources */ = {isa = PBXBuildFile; fileRef = 87A402C226012CCC00AE8FC6 /* LaunchScreen.storyboard */; };
		87A402D526012E1B00AE8FC6 /* ViewController.swift in Sources */ = {isa = PBXBuildFile; fileRef = 87A402D026012E1B00AE8FC6 /* ViewController.swift */; };
		87A402D626012E1B00AE8FC6 /* CustomUserLocationAnnotationView.swift in Sources */ = {isa = PBXBuildFile; fileRef = 87A402D126012E1B00AE8FC6 /* CustomUserLocationAnnotationView.swift */; };
		87A402D726012E1B00AE8FC6 /* CustomAnnotationView.swift in Sources */ = {isa = PBXBuildFile; fileRef = 87A402D226012E1B00AE8FC6 /* CustomAnnotationView.swift */; };
		87A402D826012E1B00AE8FC6 /* DetailViewController.swift in Sources */ = {isa = PBXBuildFile; fileRef = 87A402D326012E1B00AE8FC6 /* DetailViewController.swift */; };
		87A402D926012E1B00AE8FC6 /* CustomCalloutView.swift in Sources */ = {isa = PBXBuildFile; fileRef = 87A402D426012E1B00AE8FC6 /* CustomCalloutView.swift */; };
		87A402DF26012E2300AE8FC6 /* ImageCreator.swift in Sources */ = {isa = PBXBuildFile; fileRef = 87A402DC26012E2300AE8FC6 /* ImageCreator.swift */; };
		87A402E026012E2300AE8FC6 /* Person.swift in Sources */ = {isa = PBXBuildFile; fileRef = 87A402DD26012E2300AE8FC6 /* Person.swift */; };
		87A402E126012E2300AE8FC6 /* AppDelegate.swift in Sources */ = {isa = PBXBuildFile; fileRef = 87A402DE26012E2300AE8FC6 /* AppDelegate.swift */; };
/* End PBXBuildFile section */

/* Begin PBXFileReference section */
		87A402B426012CC800AE8FC6 /* MapsApp.app */ = {isa = PBXFileReference; explicitFileType = wrapper.application; includeInIndex = 0; path = MapsApp.app; sourceTree = BUILT_PRODUCTS_DIR; };
		87A402C026012CCC00AE8FC6 /* Assets.xcassets */ = {isa = PBXFileReference; lastKnownFileType = folder.assetcatalog; path = Assets.xcassets; sourceTree = "<group>"; };
		87A402C326012CCC00AE8FC6 /* Base */ = {isa = PBXFileReference; lastKnownFileType = file.storyboard; name = Base; path = Base.lproj/LaunchScreen.storyboard; sourceTree = "<group>"; };
		87A402C526012CCC00AE8FC6 /* Info.plist */ = {isa = PBXFileReference; lastKnownFileType = text.plist.xml; path = Info.plist; sourceTree = "<group>"; };
		87A402D026012E1B00AE8FC6 /* ViewController.swift */ = {isa = PBXFileReference; fileEncoding = 4; lastKnownFileType = sourcecode.swift; path = ViewController.swift; sourceTree = "<group>"; };
		87A402D126012E1B00AE8FC6 /* CustomUserLocationAnnotationView.swift */ = {isa = PBXFileReference; fileEncoding = 4; lastKnownFileType = sourcecode.swift; path = CustomUserLocationAnnotationView.swift; sourceTree = "<group>"; };
		87A402D226012E1B00AE8FC6 /* CustomAnnotationView.swift */ = {isa = PBXFileReference; fileEncoding = 4; lastKnownFileType = sourcecode.swift; path = CustomAnnotationView.swift; sourceTree = "<group>"; };
		87A402D326012E1B00AE8FC6 /* DetailViewController.swift */ = {isa = PBXFileReference; fileEncoding = 4; lastKnownFileType = sourcecode.swift; path = DetailViewController.swift; sourceTree = "<group>"; };
		87A402D426012E1B00AE8FC6 /* CustomCalloutView.swift */ = {isa = PBXFileReference; fileEncoding = 4; lastKnownFileType = sourcecode.swift; path = CustomCalloutView.swift; sourceTree = "<group>"; };
		87A402DC26012E2300AE8FC6 /* ImageCreator.swift */ = {isa = PBXFileReference; fileEncoding = 4; lastKnownFileType = sourcecode.swift; path = ImageCreator.swift; sourceTree = "<group>"; };
		87A402DD26012E2300AE8FC6 /* Person.swift */ = {isa = PBXFileReference; fileEncoding = 4; lastKnownFileType = sourcecode.swift; path = Person.swift; sourceTree = "<group>"; };
		87A402DE26012E2300AE8FC6 /* AppDelegate.swift */ = {isa = PBXFileReference; fileEncoding = 4; lastKnownFileType = sourcecode.swift; path = AppDelegate.swift; sourceTree = "<group>"; };
/* End PBXFileReference section */

/* Begin PBXFrameworksBuildPhase section */
		87A402B126012CC800AE8FC6 /* Frameworks */ = {
			isa = PBXFrameworksBuildPhase;
			buildActionMask = 2147483647;
			files = (
			);
			runOnlyForDeploymentPostprocessing = 0;
		};
/* End PBXFrameworksBuildPhase section */

/* Begin PBXGroup section */
		87A402AB26012CC800AE8FC6 = {
			isa = PBXGroup;
			children = (
				87A402B626012CC800AE8FC6 /* MapsApp */,
				87A402B526012CC800AE8FC6 /* Products */,
			);
			sourceTree = "<group>";
		};
		87A402B526012CC800AE8FC6 /* Products */ = {
			isa = PBXGroup;
			children = (
				87A402B426012CC800AE8FC6 /* MapsApp.app */,
			);
			name = Products;
			sourceTree = "<group>";
		};
		87A402B626012CC800AE8FC6 /* MapsApp */ = {
			isa = PBXGroup;
			children = (
				87A402DB26012E2300AE8FC6 /* Classes */,
				87A402CF26012E1B00AE8FC6 /* UI */,
				87A402C026012CCC00AE8FC6 /* Assets.xcassets */,
				87A402C226012CCC00AE8FC6 /* LaunchScreen.storyboard */,
				87A402C526012CCC00AE8FC6 /* Info.plist */,
			);
			path = MapsApp;
			sourceTree = "<group>";
		};
		87A402CF26012E1B00AE8FC6 /* UI */ = {
			isa = PBXGroup;
			children = (
				87A402D026012E1B00AE8FC6 /* ViewController.swift */,
				87A402D126012E1B00AE8FC6 /* CustomUserLocationAnnotationView.swift */,
				87A402D226012E1B00AE8FC6 /* CustomAnnotationView.swift */,
				87A402D326012E1B00AE8FC6 /* DetailViewController.swift */,
				87A402D426012E1B00AE8FC6 /* CustomCalloutView.swift */,
			);
			path = UI;
			sourceTree = "<group>";
		};
		87A402DB26012E2300AE8FC6 /* Classes */ = {
			isa = PBXGroup;
			children = (
				87A402DC26012E2300AE8FC6 /* ImageCreator.swift */,
				87A402DD26012E2300AE8FC6 /* Person.swift */,
				87A402DE26012E2300AE8FC6 /* AppDelegate.swift */,
			);
			path = Classes;
			sourceTree = "<group>";
		};
/* End PBXGroup section */

/* Begin PBXNativeTarget section */
		87A402B326012CC800AE8FC6 /* MapsApp */ = {
			isa = PBXNativeTarget;
			buildConfigurationList = 87A402C826012CCC00AE8FC6 /* Build configuration list for PBXNativeTarget "MapsApp" */;
			buildPhases = (
				87A402B026012CC800AE8FC6 /* Sources */,
				87A402B126012CC800AE8FC6 /* Frameworks */,
				87A402B226012CC800AE8FC6 /* Resources */,
			);
			buildRules = (
			);
			dependencies = (
			);
			name = MapsApp;
			productName = MapsApp;
			productReference = 87A402B426012CC800AE8FC6 /* MapsApp.app */;
			productType = "com.apple.product-type.application";
		};
/* End PBXNativeTarget section */

/* Begin PBXProject section */
		87A402AC26012CC800AE8FC6 /* Project object */ = {
			isa = PBXProject;
			attributes = {
				LastSwiftUpdateCheck = 1240;
				LastUpgradeCheck = 1240;
				TargetAttributes = {
					87A402B326012CC800AE8FC6 = {
						CreatedOnToolsVersion = 12.4;
					};
				};
			};
			buildConfigurationList = 87A402AF26012CC800AE8FC6 /* Build configuration list for PBXProject "MapsApp" */;
			compatibilityVersion = "Xcode 9.3";
			developmentRegion = en;
			hasScannedForEncodings = 0;
			knownRegions = (
				en,
				Base,
			);
			mainGroup = 87A402AB26012CC800AE8FC6;
			productRefGroup = 87A402B526012CC800AE8FC6 /* Products */;
			projectDirPath = "";
			projectRoot = "";
			targets = (
				87A402B326012CC800AE8FC6 /* MapsApp */,
			);
		};
/* End PBXProject section */

/* Begin PBXResourcesBuildPhase section */
		87A402B226012CC800AE8FC6 /* Resources */ = {
			isa = PBXResourcesBuildPhase;
			buildActionMask = 2147483647;
			files = (
				87A402C426012CCC00AE8FC6 /* LaunchScreen.storyboard in Resources */,
				87A402C126012CCC00AE8FC6 /* Assets.xcassets in Resources */,
			);
			runOnlyForDeploymentPostprocessing = 0;
		};
/* End PBXResourcesBuildPhase section */

/* Begin PBXSourcesBuildPhase section */
		87A402B026012CC800AE8FC6 /* Sources */ = {
			isa = PBXSourcesBuildPhase;
			buildActionMask = 2147483647;
			files = (
				87A402DF26012E2300AE8FC6 /* ImageCreator.swift in Sources */,
				87A402D526012E1B00AE8FC6 /* ViewController.swift in Sources */,
				87A402D726012E1B00AE8FC6 /* CustomAnnotationView.swift in Sources */,
				87A402D926012E1B00AE8FC6 /* CustomCalloutView.swift in Sources */,
				87A402D826012E1B00AE8FC6 /* DetailViewController.swift in Sources */,
				87A402E026012E2300AE8FC6 /* Person.swift in Sources */,
				87A402D626012E1B00AE8FC6 /* CustomUserLocationAnnotationView.swift in Sources */,
				87A402E126012E2300AE8FC6 /* AppDelegate.swift in Sources */,
			);
			runOnlyForDeploymentPostprocessing = 0;
		};
/* End PBXSourcesBuildPhase section */

/* Begin PBXVariantGroup section */
		87A402C226012CCC00AE8FC6 /* LaunchScreen.storyboard */ = {
			isa = PBXVariantGroup;
			children = (
				87A402C326012CCC00AE8FC6 /* Base */,
			);
			name = LaunchScreen.storyboard;
			sourceTree = "<group>";
		};
/* End PBXVariantGroup section */

/* Begin XCBuildConfiguration section */
		87A402C626012CCC00AE8FC6 /* Debug */ = {
			isa = XCBuildConfiguration;
			buildSettings = {
				ALWAYS_SEARCH_USER_PATHS = NO;
				CLANG_ANALYZER_NONNULL = YES;
				CLANG_ANALYZER_NUMBER_OBJECT_CONVERSION = YES_AGGRESSIVE;
				CLANG_CXX_LANGUAGE_STANDARD = "gnu++14";
				CLANG_CXX_LIBRARY = "libc++";
				CLANG_ENABLE_MODULES = YES;
				CLANG_ENABLE_OBJC_ARC = YES;
				CLANG_ENABLE_OBJC_WEAK = YES;
				CLANG_WARN_BLOCK_CAPTURE_AUTORELEASING = YES;
				CLANG_WARN_BOOL_CONVERSION = YES;
				CLANG_WARN_COMMA = YES;
				CLANG_WARN_CONSTANT_CONVERSION = YES;
				CLANG_WARN_DEPRECATED_OBJC_IMPLEMENTATIONS = YES;
				CLANG_WARN_DIRECT_OBJC_ISA_USAGE = YES_ERROR;
				CLANG_WARN_DOCUMENTATION_COMMENTS = YES;
				CLANG_WARN_EMPTY_BODY = YES;
				CLANG_WARN_ENUM_CONVERSION = YES;
				CLANG_WARN_INFINITE_RECURSION = YES;
				CLANG_WARN_INT_CONVERSION = YES;
				CLANG_WARN_NON_LITERAL_NULL_CONVERSION = YES;
				CLANG_WARN_OBJC_IMPLICIT_RETAIN_SELF = YES;
				CLANG_WARN_OBJC_LITERAL_CONVERSION = YES;
				CLANG_WARN_OBJC_ROOT_CLASS = YES_ERROR;
				CLANG_WARN_QUOTED_INCLUDE_IN_FRAMEWORK_HEADER = YES;
				CLANG_WARN_RANGE_LOOP_ANALYSIS = YES;
				CLANG_WARN_STRICT_PROTOTYPES = YES;
				CLANG_WARN_SUSPICIOUS_MOVE = YES;
				CLANG_WARN_UNGUARDED_AVAILABILITY = YES_AGGRESSIVE;
				CLANG_WARN_UNREACHABLE_CODE = YES;
				CLANG_WARN__DUPLICATE_METHOD_MATCH = YES;
				COPY_PHASE_STRIP = NO;
				DEBUG_INFORMATION_FORMAT = dwarf;
				ENABLE_STRICT_OBJC_MSGSEND = YES;
				ENABLE_TESTABILITY = YES;
				GCC_C_LANGUAGE_STANDARD = gnu11;
				GCC_DYNAMIC_NO_PIC = NO;
				GCC_NO_COMMON_BLOCKS = YES;
				GCC_OPTIMIZATION_LEVEL = 0;
				GCC_PREPROCESSOR_DEFINITIONS = (
					"DEBUG=1",
					"$(inherited)",
				);
				GCC_WARN_64_TO_32_BIT_CONVERSION = YES;
				GCC_WARN_ABOUT_RETURN_TYPE = YES_ERROR;
				GCC_WARN_UNDECLARED_SELECTOR = YES;
				GCC_WARN_UNINITIALIZED_AUTOS = YES_AGGRESSIVE;
				GCC_WARN_UNUSED_FUNCTION = YES;
				GCC_WARN_UNUSED_VARIABLE = YES;
				IPHONEOS_DEPLOYMENT_TARGET = 14.4;
				MTL_ENABLE_DEBUG_INFO = INCLUDE_SOURCE;
				MTL_FAST_MATH = YES;
				ONLY_ACTIVE_ARCH = YES;
				SDKROOT = iphoneos;
				SWIFT_ACTIVE_COMPILATION_CONDITIONS = DEBUG;
				SWIFT_OPTIMIZATION_LEVEL = "-Onone";
			};
			name = Debug;
		};
		87A402C726012CCC00AE8FC6 /* Release */ = {
			isa = XCBuildConfiguration;
			buildSettings = {
				ALWAYS_SEARCH_USER_PATHS = NO;
				CLANG_ANALYZER_NONNULL = YES;
				CLANG_ANALYZER_NUMBER_OBJECT_CONVERSION = YES_AGGRESSIVE;
				CLANG_CXX_LANGUAGE_STANDARD = "gnu++14";
				CLANG_CXX_LIBRARY = "libc++";
				CLANG_ENABLE_MODULES = YES;
				CLANG_ENABLE_OBJC_ARC = YES;
				CLANG_ENABLE_OBJC_WEAK = YES;
				CLANG_WARN_BLOCK_CAPTURE_AUTORELEASING = YES;
				CLANG_WARN_BOOL_CONVERSION = YES;
				CLANG_WARN_COMMA = YES;
				CLANG_WARN_CONSTANT_CONVERSION = YES;
				CLANG_WARN_DEPRECATED_OBJC_IMPLEMENTATIONS = YES;
				CLANG_WARN_DIRECT_OBJC_ISA_USAGE = YES_ERROR;
				CLANG_WARN_DOCUMENTATION_COMMENTS = YES;
				CLANG_WARN_EMPTY_BODY = YES;
				CLANG_WARN_ENUM_CONVERSION = YES;
				CLANG_WARN_INFINITE_RECURSION = YES;
				CLANG_WARN_INT_CONVERSION = YES;
				CLANG_WARN_NON_LITERAL_NULL_CONVERSION = YES;
				CLANG_WARN_OBJC_IMPLICIT_RETAIN_SELF = YES;
				CLANG_WARN_OBJC_LITERAL_CONVERSION = YES;
				CLANG_WARN_OBJC_ROOT_CLASS = YES_ERROR;
				CLANG_WARN_QUOTED_INCLUDE_IN_FRAMEWORK_HEADER = YES;
				CLANG_WARN_RANGE_LOOP_ANALYSIS = YES;
				CLANG_WARN_STRICT_PROTOTYPES = YES;
				CLANG_WARN_SUSPICIOUS_MOVE = YES;
				CLANG_WARN_UNGUARDED_AVAILABILITY = YES_AGGRESSIVE;
				CLANG_WARN_UNREACHABLE_CODE = YES;
				CLANG_WARN__DUPLICATE_METHOD_MATCH = YES;
				COPY_PHASE_STRIP = NO;
				DEBUG_INFORMATION_FORMAT = "dwarf-with-dsym";
				ENABLE_NS_ASSERTIONS = NO;
				ENABLE_STRICT_OBJC_MSGSEND = YES;
				GCC_C_LANGUAGE_STANDARD = gnu11;
				GCC_NO_COMMON_BLOCKS = YES;
				GCC_WARN_64_TO_32_BIT_CONVERSION = YES;
				GCC_WARN_ABOUT_RETURN_TYPE = YES_ERROR;
				GCC_WARN_UNDECLARED_SELECTOR = YES;
				GCC_WARN_UNINITIALIZED_AUTOS = YES_AGGRESSIVE;
				GCC_WARN_UNUSED_FUNCTION = YES;
				GCC_WARN_UNUSED_VARIABLE = YES;
				IPHONEOS_DEPLOYMENT_TARGET = 14.4;
				MTL_ENABLE_DEBUG_INFO = NO;
				MTL_FAST_MATH = YES;
				SDKROOT = iphoneos;
				SWIFT_COMPILATION_MODE = wholemodule;
				SWIFT_OPTIMIZATION_LEVEL = "-O";
				VALIDATE_PRODUCT = YES;
			};
			name = Release;
		};
		87A402C926012CCC00AE8FC6 /* Debug */ = {
			isa = XCBuildConfiguration;
			buildSettings = {
				ASSETCATALOG_COMPILER_APPICON_NAME = AppIcon;
				ASSETCATALOG_COMPILER_GLOBAL_ACCENT_COLOR_NAME = AccentColor;
				CODE_SIGN_STYLE = Automatic;
				INFOPLIST_FILE = MapsApp/Info.plist;
				LD_RUNPATH_SEARCH_PATHS = (
					"$(inherited)",
					"@executable_path/Frameworks",
				);
				PRODUCT_BUNDLE_IDENTIFIER = com.zadoromihail.MapsApp;
				PRODUCT_NAME = "$(TARGET_NAME)";
				SWIFT_VERSION = 5.0;
				TARGETED_DEVICE_FAMILY = "1,2";
			};
			name = Debug;
		};
		87A402CA26012CCC00AE8FC6 /* Release */ = {
			isa = XCBuildConfiguration;
			buildSettings = {
				ASSETCATALOG_COMPILER_APPICON_NAME = AppIcon;
				ASSETCATALOG_COMPILER_GLOBAL_ACCENT_COLOR_NAME = AccentColor;
				CODE_SIGN_STYLE = Automatic;
				INFOPLIST_FILE = MapsApp/Info.plist;
				LD_RUNPATH_SEARCH_PATHS = (
					"$(inherited)",
					"@executable_path/Frameworks",
				);
				PRODUCT_BUNDLE_IDENTIFIER = com.zadoromihail.MapsApp;
				PRODUCT_NAME = "$(TARGET_NAME)";
				SWIFT_VERSION = 5.0;
				TARGETED_DEVICE_FAMILY = "1,2";
			};
			name = Release;
		};
/* End XCBuildConfiguration section */

/* Begin XCConfigurationList section */
		87A402AF26012CC800AE8FC6 /* Build configuration list for PBXProject "MapsApp" */ = {
			isa = XCConfigurationList;
			buildConfigurations = (
				87A402C626012CCC00AE8FC6 /* Debug */,
				87A402C726012CCC00AE8FC6 /* Release */,
			);
			defaultConfigurationIsVisible = 0;
			defaultConfigurationName = Release;
		};
		87A402C826012CCC00AE8FC6 /* Build configuration list for PBXNativeTarget "MapsApp" */ = {
			isa = XCConfigurationList;
			buildConfigurations = (
				87A402C926012CCC00AE8FC6 /* Debug */,
				87A402CA26012CCC00AE8FC6 /* Release */,
			);
			defaultConfigurationIsVisible = 0;
			defaultConfigurationName = Release;
		};
/* End XCConfigurationList section */
	};
	rootObject = 87A402AC26012CC800AE8FC6 /* Project object */;
}
